// !$*UTF8*$!
{
	archiveVersion = 1;
	classes = {
	};
	objectVersion = 46;
	objects = {

/* Begin PBXBuildFile section */
		4CBEC56E1BAE8DBF00117F83 /* NSError+HumanFriendly.m in Sources */ = {isa = PBXBuildFile; fileRef = 4CBEC56D1BAE8DBF00117F83 /* NSError+HumanFriendly.m */; settings = {ASSET_TAGS = (); }; };
		9D307FB619D02ACD0013BCAD /* Foundation.framework in Frameworks */ = {isa = PBXBuildFile; fileRef = 9D307FB519D02ACD0013BCAD /* Foundation.framework */; };
		9D307FB819D02ACD0013BCAD /* CoreGraphics.framework in Frameworks */ = {isa = PBXBuildFile; fileRef = 9D307FB719D02ACD0013BCAD /* CoreGraphics.framework */; };
		9D307FBA19D02ACD0013BCAD /* UIKit.framework in Frameworks */ = {isa = PBXBuildFile; fileRef = 9D307FB919D02ACD0013BCAD /* UIKit.framework */; };
		9D307FC019D02ACD0013BCAD /* InfoPlist.strings in Resources */ = {isa = PBXBuildFile; fileRef = 9D307FBE19D02ACD0013BCAD /* InfoPlist.strings */; };
		9D307FC219D02ACD0013BCAD /* main.m in Sources */ = {isa = PBXBuildFile; fileRef = 9D307FC119D02ACD0013BCAD /* main.m */; };
		9D307FC619D02ACD0013BCAD /* AppDelegate.m in Sources */ = {isa = PBXBuildFile; fileRef = 9D307FC519D02ACD0013BCAD /* AppDelegate.m */; };
		9D307FC919D02ACD0013BCAD /* Main.storyboard in Resources */ = {isa = PBXBuildFile; fileRef = 9D307FC719D02ACD0013BCAD /* Main.storyboard */; };
		9D307FCC19D02ACD0013BCAD /* TableViewController.m in Sources */ = {isa = PBXBuildFile; fileRef = 9D307FCB19D02ACD0013BCAD /* TableViewController.m */; };
		9D307FCE19D02ACD0013BCAD /* Images.xcassets in Resources */ = {isa = PBXBuildFile; fileRef = 9D307FCD19D02ACD0013BCAD /* Images.xcassets */; };
		9D307FD519D02ACD0013BCAD /* XCTest.framework in Frameworks */ = {isa = PBXBuildFile; fileRef = 9D307FD419D02ACD0013BCAD /* XCTest.framework */; };
		9D307FD619D02ACD0013BCAD /* Foundation.framework in Frameworks */ = {isa = PBXBuildFile; fileRef = 9D307FB519D02ACD0013BCAD /* Foundation.framework */; };
		9D307FD719D02ACD0013BCAD /* UIKit.framework in Frameworks */ = {isa = PBXBuildFile; fileRef = 9D307FB919D02ACD0013BCAD /* UIKit.framework */; };
		9D307FDF19D02ACD0013BCAD /* InfoPlist.strings in Resources */ = {isa = PBXBuildFile; fileRef = 9D307FDD19D02ACD0013BCAD /* InfoPlist.strings */; };
		9D307FE119D02ACD0013BCAD /* IQHTTPService_DemoTests.m in Sources */ = {isa = PBXBuildFile; fileRef = 9D307FE019D02ACD0013BCAD /* IQHTTPService_DemoTests.m */; };
		9D30800219D030280013BCAD /* IQHTTPConstants.m in Sources */ = {isa = PBXBuildFile; fileRef = 9D307FFA19D030280013BCAD /* IQHTTPConstants.m */; };
		9D30800319D030280013BCAD /* IQHTTPService.m in Sources */ = {isa = PBXBuildFile; fileRef = 9D307FFC19D030280013BCAD /* IQHTTPService.m */; };
		9D30800419D030280013BCAD /* IQMultipartFormData.m in Sources */ = {isa = PBXBuildFile; fileRef = 9D307FFE19D030280013BCAD /* IQMultipartFormData.m */; };
		9D30800519D030280013BCAD /* IQURLConnection.m in Sources */ = {isa = PBXBuildFile; fileRef = 9D30800119D030280013BCAD /* IQURLConnection.m */; };
		C0DD7F5A1A72B3D000F3E46C /* test1.jpeg in Resources */ = {isa = PBXBuildFile; fileRef = C0DD7F591A72B3D000F3E46C /* test1.jpeg */; };
		C0DD7F5E1A72B5C600F3E46C /* TestHTTPService.m in Sources */ = {isa = PBXBuildFile; fileRef = C0DD7F5D1A72B5C600F3E46C /* TestHTTPService.m */; };
		C0DD7F611A72B8CA00F3E46C /* FileUploadViewController.m in Sources */ = {isa = PBXBuildFile; fileRef = C0DD7F601A72B8CA00F3E46C /* FileUploadViewController.m */; };
		C0DD7F641A72BAA000F3E46C /* HelloWorldViewController.m in Sources */ = {isa = PBXBuildFile; fileRef = C0DD7F631A72BAA000F3E46C /* HelloWorldViewController.m */; };
		C0DD7F671A72BAC000F3E46C /* PostJSONViewController.m in Sources */ = {isa = PBXBuildFile; fileRef = C0DD7F661A72BAC000F3E46C /* PostJSONViewController.m */; };
		C0DD7F691A72C4A200F3E46C /* test2.png in Resources */ = {isa = PBXBuildFile; fileRef = C0DD7F681A72C4A200F3E46C /* test2.png */; };
/* End PBXBuildFile section */

/* Begin PBXContainerItemProxy section */
		9D307FD819D02ACD0013BCAD /* PBXContainerItemProxy */ = {
			isa = PBXContainerItemProxy;
			containerPortal = 9D307FAA19D02ACD0013BCAD /* Project object */;
			proxyType = 1;
			remoteGlobalIDString = 9D307FB119D02ACD0013BCAD;
			remoteInfo = "IQHTTPService Demo";
		};
/* End PBXContainerItemProxy section */

/* Begin PBXFileReference section */
		4CBEC56C1BAE8DBF00117F83 /* NSError+HumanFriendly.h */ = {isa = PBXFileReference; fileEncoding = 4; lastKnownFileType = sourcecode.c.h; path = "NSError+HumanFriendly.h"; sourceTree = "<group>"; };
		4CBEC56D1BAE8DBF00117F83 /* NSError+HumanFriendly.m */ = {isa = PBXFileReference; fileEncoding = 4; lastKnownFileType = sourcecode.c.objc; path = "NSError+HumanFriendly.m"; sourceTree = "<group>"; };
		9D307FB219D02ACD0013BCAD /* IQHTTPService Demo.app */ = {isa = PBXFileReference; explicitFileType = wrapper.application; includeInIndex = 0; path = "IQHTTPService Demo.app"; sourceTree = BUILT_PRODUCTS_DIR; };
		9D307FB519D02ACD0013BCAD /* Foundation.framework */ = {isa = PBXFileReference; lastKnownFileType = wrapper.framework; name = Foundation.framework; path = System/Library/Frameworks/Foundation.framework; sourceTree = SDKROOT; };
		9D307FB719D02ACD0013BCAD /* CoreGraphics.framework */ = {isa = PBXFileReference; lastKnownFileType = wrapper.framework; name = CoreGraphics.framework; path = System/Library/Frameworks/CoreGraphics.framework; sourceTree = SDKROOT; };
		9D307FB919D02ACD0013BCAD /* UIKit.framework */ = {isa = PBXFileReference; lastKnownFileType = wrapper.framework; name = UIKit.framework; path = System/Library/Frameworks/UIKit.framework; sourceTree = SDKROOT; };
		9D307FBD19D02ACD0013BCAD /* IQHTTPService Demo-Info.plist */ = {isa = PBXFileReference; lastKnownFileType = text.plist.xml; path = "IQHTTPService Demo-Info.plist"; sourceTree = "<group>"; };
		9D307FBF19D02ACD0013BCAD /* en */ = {isa = PBXFileReference; lastKnownFileType = text.plist.strings; name = en; path = en.lproj/InfoPlist.strings; sourceTree = "<group>"; };
		9D307FC119D02ACD0013BCAD /* main.m */ = {isa = PBXFileReference; lastKnownFileType = sourcecode.c.objc; path = main.m; sourceTree = "<group>"; };
		9D307FC319D02ACD0013BCAD /* IQHTTPService Demo-Prefix.pch */ = {isa = PBXFileReference; lastKnownFileType = sourcecode.c.h; path = "IQHTTPService Demo-Prefix.pch"; sourceTree = "<group>"; };
		9D307FC419D02ACD0013BCAD /* AppDelegate.h */ = {isa = PBXFileReference; lastKnownFileType = sourcecode.c.h; path = AppDelegate.h; sourceTree = "<group>"; };
		9D307FC519D02ACD0013BCAD /* AppDelegate.m */ = {isa = PBXFileReference; lastKnownFileType = sourcecode.c.objc; path = AppDelegate.m; sourceTree = "<group>"; };
		9D307FC819D02ACD0013BCAD /* Base */ = {isa = PBXFileReference; lastKnownFileType = file.storyboard; name = Base; path = Base.lproj/Main.storyboard; sourceTree = "<group>"; };
		9D307FCA19D02ACD0013BCAD /* TableViewController.h */ = {isa = PBXFileReference; lastKnownFileType = sourcecode.c.h; path = TableViewController.h; sourceTree = "<group>"; };
		9D307FCB19D02ACD0013BCAD /* TableViewController.m */ = {isa = PBXFileReference; lastKnownFileType = sourcecode.c.objc; path = TableViewController.m; sourceTree = "<group>"; };
		9D307FCD19D02ACD0013BCAD /* Images.xcassets */ = {isa = PBXFileReference; lastKnownFileType = folder.assetcatalog; path = Images.xcassets; sourceTree = "<group>"; };
		9D307FD319D02ACD0013BCAD /* IQHTTPService DemoTests.xctest */ = {isa = PBXFileReference; explicitFileType = wrapper.cfbundle; includeInIndex = 0; path = "IQHTTPService DemoTests.xctest"; sourceTree = BUILT_PRODUCTS_DIR; };
		9D307FD419D02ACD0013BCAD /* XCTest.framework */ = {isa = PBXFileReference; lastKnownFileType = wrapper.framework; name = XCTest.framework; path = Library/Frameworks/XCTest.framework; sourceTree = DEVELOPER_DIR; };
		9D307FDC19D02ACD0013BCAD /* IQHTTPService DemoTests-Info.plist */ = {isa = PBXFileReference; lastKnownFileType = text.plist.xml; path = "IQHTTPService DemoTests-Info.plist"; sourceTree = "<group>"; };
		9D307FDE19D02ACD0013BCAD /* en */ = {isa = PBXFileReference; lastKnownFileType = text.plist.strings; name = en; path = en.lproj/InfoPlist.strings; sourceTree = "<group>"; };
		9D307FE019D02ACD0013BCAD /* IQHTTPService_DemoTests.m */ = {isa = PBXFileReference; lastKnownFileType = sourcecode.c.objc; path = IQHTTPService_DemoTests.m; sourceTree = "<group>"; };
		9D307FF919D030280013BCAD /* IQHTTPConstants.h */ = {isa = PBXFileReference; fileEncoding = 4; lastKnownFileType = sourcecode.c.h; path = IQHTTPConstants.h; sourceTree = "<group>"; };
		9D307FFA19D030280013BCAD /* IQHTTPConstants.m */ = {isa = PBXFileReference; fileEncoding = 4; lastKnownFileType = sourcecode.c.objc; path = IQHTTPConstants.m; sourceTree = "<group>"; };
		9D307FFB19D030280013BCAD /* IQHTTPService.h */ = {isa = PBXFileReference; fileEncoding = 4; lastKnownFileType = sourcecode.c.h; path = IQHTTPService.h; sourceTree = "<group>"; };
		9D307FFC19D030280013BCAD /* IQHTTPService.m */ = {isa = PBXFileReference; fileEncoding = 4; lastKnownFileType = sourcecode.c.objc; path = IQHTTPService.m; sourceTree = "<group>"; };
		9D307FFD19D030280013BCAD /* IQMultipartFormData.h */ = {isa = PBXFileReference; fileEncoding = 4; lastKnownFileType = sourcecode.c.h; path = IQMultipartFormData.h; sourceTree = "<group>"; };
		9D307FFE19D030280013BCAD /* IQMultipartFormData.m */ = {isa = PBXFileReference; fileEncoding = 4; lastKnownFileType = sourcecode.c.objc; path = IQMultipartFormData.m; sourceTree = "<group>"; };
		9D30800019D030280013BCAD /* IQURLConnection.h */ = {isa = PBXFileReference; fileEncoding = 4; lastKnownFileType = sourcecode.c.h; path = IQURLConnection.h; sourceTree = "<group>"; };
		9D30800119D030280013BCAD /* IQURLConnection.m */ = {isa = PBXFileReference; fileEncoding = 4; lastKnownFileType = sourcecode.c.objc; path = IQURLConnection.m; sourceTree = "<group>"; };
		C0DD7F591A72B3D000F3E46C /* test1.jpeg */ = {isa = PBXFileReference; lastKnownFileType = image.jpeg; path = test1.jpeg; sourceTree = "<group>"; };
		C0DD7F5C1A72B5C600F3E46C /* TestHTTPService.h */ = {isa = PBXFileReference; fileEncoding = 4; lastKnownFileType = sourcecode.c.h; path = TestHTTPService.h; sourceTree = "<group>"; };
		C0DD7F5D1A72B5C600F3E46C /* TestHTTPService.m */ = {isa = PBXFileReference; fileEncoding = 4; lastKnownFileType = sourcecode.c.objc; path = TestHTTPService.m; sourceTree = "<group>"; };
		C0DD7F5F1A72B8CA00F3E46C /* FileUploadViewController.h */ = {isa = PBXFileReference; fileEncoding = 4; lastKnownFileType = sourcecode.c.h; path = FileUploadViewController.h; sourceTree = "<group>"; };
		C0DD7F601A72B8CA00F3E46C /* FileUploadViewController.m */ = {isa = PBXFileReference; fileEncoding = 4; lastKnownFileType = sourcecode.c.objc; path = FileUploadViewController.m; sourceTree = "<group>"; };
		C0DD7F621A72BAA000F3E46C /* HelloWorldViewController.h */ = {isa = PBXFileReference; fileEncoding = 4; lastKnownFileType = sourcecode.c.h; path = HelloWorldViewController.h; sourceTree = "<group>"; };
		C0DD7F631A72BAA000F3E46C /* HelloWorldViewController.m */ = {isa = PBXFileReference; fileEncoding = 4; lastKnownFileType = sourcecode.c.objc; path = HelloWorldViewController.m; sourceTree = "<group>"; };
		C0DD7F651A72BAC000F3E46C /* PostJSONViewController.h */ = {isa = PBXFileReference; fileEncoding = 4; lastKnownFileType = sourcecode.c.h; path = PostJSONViewController.h; sourceTree = "<group>"; };
		C0DD7F661A72BAC000F3E46C /* PostJSONViewController.m */ = {isa = PBXFileReference; fileEncoding = 4; lastKnownFileType = sourcecode.c.objc; path = PostJSONViewController.m; sourceTree = "<group>"; };
		C0DD7F681A72C4A200F3E46C /* test2.png */ = {isa = PBXFileReference; lastKnownFileType = image.png; path = test2.png; sourceTree = "<group>"; };
/* End PBXFileReference section */

/* Begin PBXFrameworksBuildPhase section */
		9D307FAF19D02ACD0013BCAD /* Frameworks */ = {
			isa = PBXFrameworksBuildPhase;
			buildActionMask = 2147483647;
			files = (
				9D307FB819D02ACD0013BCAD /* CoreGraphics.framework in Frameworks */,
				9D307FBA19D02ACD0013BCAD /* UIKit.framework in Frameworks */,
				9D307FB619D02ACD0013BCAD /* Foundation.framework in Frameworks */,
			);
			runOnlyForDeploymentPostprocessing = 0;
		};
		9D307FD019D02ACD0013BCAD /* Frameworks */ = {
			isa = PBXFrameworksBuildPhase;
			buildActionMask = 2147483647;
			files = (
				9D307FD519D02ACD0013BCAD /* XCTest.framework in Frameworks */,
				9D307FD719D02ACD0013BCAD /* UIKit.framework in Frameworks */,
				9D307FD619D02ACD0013BCAD /* Foundation.framework in Frameworks */,
			);
			runOnlyForDeploymentPostprocessing = 0;
		};
/* End PBXFrameworksBuildPhase section */

/* Begin PBXGroup section */
		9D307FA919D02ACD0013BCAD = {
			isa = PBXGroup;
			children = (
				C0DD7F5B1A72B5B500F3E46C /* TestHTTPService */,
				9D307FF819D030280013BCAD /* IQHTTPService */,
				9D307FBB19D02ACD0013BCAD /* IQHTTPService Demo */,
				9D307FDA19D02ACD0013BCAD /* IQHTTPService DemoTests */,
				9D307FB419D02ACD0013BCAD /* Frameworks */,
				9D307FB319D02ACD0013BCAD /* Products */,
			);
			sourceTree = "<group>";
		};
		9D307FB319D02ACD0013BCAD /* Products */ = {
			isa = PBXGroup;
			children = (
				9D307FB219D02ACD0013BCAD /* IQHTTPService Demo.app */,
				9D307FD319D02ACD0013BCAD /* IQHTTPService DemoTests.xctest */,
			);
			name = Products;
			sourceTree = "<group>";
		};
		9D307FB419D02ACD0013BCAD /* Frameworks */ = {
			isa = PBXGroup;
			children = (
				9D307FB519D02ACD0013BCAD /* Foundation.framework */,
				9D307FB719D02ACD0013BCAD /* CoreGraphics.framework */,
				9D307FB919D02ACD0013BCAD /* UIKit.framework */,
				9D307FD419D02ACD0013BCAD /* XCTest.framework */,
			);
			name = Frameworks;
			sourceTree = "<group>";
		};
		9D307FBB19D02ACD0013BCAD /* IQHTTPService Demo */ = {
			isa = PBXGroup;
			children = (
				9D307FC419D02ACD0013BCAD /* AppDelegate.h */,
				9D307FC519D02ACD0013BCAD /* AppDelegate.m */,
				9D307FC719D02ACD0013BCAD /* Main.storyboard */,
				9D307FCA19D02ACD0013BCAD /* TableViewController.h */,
				9D307FCB19D02ACD0013BCAD /* TableViewController.m */,
				C0DD7F621A72BAA000F3E46C /* HelloWorldViewController.h */,
				C0DD7F631A72BAA000F3E46C /* HelloWorldViewController.m */,
				C0DD7F651A72BAC000F3E46C /* PostJSONViewController.h */,
				C0DD7F661A72BAC000F3E46C /* PostJSONViewController.m */,
				C0DD7F5F1A72B8CA00F3E46C /* FileUploadViewController.h */,
				C0DD7F601A72B8CA00F3E46C /* FileUploadViewController.m */,
				C0DD7F591A72B3D000F3E46C /* test1.jpeg */,
				C0DD7F681A72C4A200F3E46C /* test2.png */,
				9D307FCD19D02ACD0013BCAD /* Images.xcassets */,
				9D307FBC19D02ACD0013BCAD /* Supporting Files */,
			);
			path = "IQHTTPService Demo";
			sourceTree = "<group>";
		};
		9D307FBC19D02ACD0013BCAD /* Supporting Files */ = {
			isa = PBXGroup;
			children = (
				9D307FBD19D02ACD0013BCAD /* IQHTTPService Demo-Info.plist */,
				9D307FBE19D02ACD0013BCAD /* InfoPlist.strings */,
				9D307FC119D02ACD0013BCAD /* main.m */,
				9D307FC319D02ACD0013BCAD /* IQHTTPService Demo-Prefix.pch */,
			);
			name = "Supporting Files";
			sourceTree = "<group>";
		};
		9D307FDA19D02ACD0013BCAD /* IQHTTPService DemoTests */ = {
			isa = PBXGroup;
			children = (
				9D307FE019D02ACD0013BCAD /* IQHTTPService_DemoTests.m */,
				9D307FDB19D02ACD0013BCAD /* Supporting Files */,
			);
			path = "IQHTTPService DemoTests";
			sourceTree = "<group>";
		};
		9D307FDB19D02ACD0013BCAD /* Supporting Files */ = {
			isa = PBXGroup;
			children = (
				9D307FDC19D02ACD0013BCAD /* IQHTTPService DemoTests-Info.plist */,
				9D307FDD19D02ACD0013BCAD /* InfoPlist.strings */,
			);
			name = "Supporting Files";
			sourceTree = "<group>";
		};
		9D307FF819D030280013BCAD /* IQHTTPService */ = {
			isa = PBXGroup;
			children = (
				9D307FF919D030280013BCAD /* IQHTTPConstants.h */,
				9D307FFA19D030280013BCAD /* IQHTTPConstants.m */,
				9D307FFB19D030280013BCAD /* IQHTTPService.h */,
				9D307FFC19D030280013BCAD /* IQHTTPService.m */,
				9D307FFD19D030280013BCAD /* IQMultipartFormData.h */,
				9D307FFE19D030280013BCAD /* IQMultipartFormData.m */,
				4CBEC56C1BAE8DBF00117F83 /* NSError+HumanFriendly.h */,
				4CBEC56D1BAE8DBF00117F83 /* NSError+HumanFriendly.m */,
				9D307FFF19D030280013BCAD /* IQURLConnection */,
			);
			name = IQHTTPService;
			path = ../IQHTTPService;
			sourceTree = "<group>";
		};
		9D307FFF19D030280013BCAD /* IQURLConnection */ = {
			isa = PBXGroup;
			children = (
				9D30800019D030280013BCAD /* IQURLConnection.h */,
				9D30800119D030280013BCAD /* IQURLConnection.m */,
			);
			path = IQURLConnection;
			sourceTree = "<group>";
		};
		C0DD7F5B1A72B5B500F3E46C /* TestHTTPService */ = {
			isa = PBXGroup;
			children = (
				C0DD7F5C1A72B5C600F3E46C /* TestHTTPService.h */,
				C0DD7F5D1A72B5C600F3E46C /* TestHTTPService.m */,
			);
			path = TestHTTPService;
			sourceTree = "<group>";
		};
/* End PBXGroup section */

/* Begin PBXNativeTarget section */
		9D307FB119D02ACD0013BCAD /* IQHTTPService Demo */ = {
			isa = PBXNativeTarget;
			buildConfigurationList = 9D307FE419D02ACD0013BCAD /* Build configuration list for PBXNativeTarget "IQHTTPService Demo" */;
			buildPhases = (
				9D307FAE19D02ACD0013BCAD /* Sources */,
				9D307FAF19D02ACD0013BCAD /* Frameworks */,
				9D307FB019D02ACD0013BCAD /* Resources */,
			);
			buildRules = (
			);
			dependencies = (
			);
			name = "IQHTTPService Demo";
			productName = "IQHTTPService Demo";
			productReference = 9D307FB219D02ACD0013BCAD /* IQHTTPService Demo.app */;
			productType = "com.apple.product-type.application";
		};
		9D307FD219D02ACD0013BCAD /* IQHTTPService DemoTests */ = {
			isa = PBXNativeTarget;
			buildConfigurationList = 9D307FE719D02ACD0013BCAD /* Build configuration list for PBXNativeTarget "IQHTTPService DemoTests" */;
			buildPhases = (
				9D307FCF19D02ACD0013BCAD /* Sources */,
				9D307FD019D02ACD0013BCAD /* Frameworks */,
				9D307FD119D02ACD0013BCAD /* Resources */,
			);
			buildRules = (
			);
			dependencies = (
				9D307FD919D02ACD0013BCAD /* PBXTargetDependency */,
			);
			name = "IQHTTPService DemoTests";
			productName = "IQHTTPService DemoTests";
			productReference = 9D307FD319D02ACD0013BCAD /* IQHTTPService DemoTests.xctest */;
			productType = "com.apple.product-type.bundle.unit-test";
		};
/* End PBXNativeTarget section */

/* Begin PBXProject section */
		9D307FAA19D02ACD0013BCAD /* Project object */ = {
			isa = PBXProject;
			attributes = {
				LastUpgradeCheck = 0700;
				ORGANIZATIONNAME = Iftekhar;
				TargetAttributes = {
					9D307FD219D02ACD0013BCAD = {
						TestTargetID = 9D307FB119D02ACD0013BCAD;
					};
				};
			};
			buildConfigurationList = 9D307FAD19D02ACD0013BCAD /* Build configuration list for PBXProject "IQHTTPService Demo" */;
			compatibilityVersion = "Xcode 3.2";
			developmentRegion = English;
			hasScannedForEncodings = 0;
			knownRegions = (
				en,
				Base,
			);
			mainGroup = 9D307FA919D02ACD0013BCAD;
			productRefGroup = 9D307FB319D02ACD0013BCAD /* Products */;
			projectDirPath = "";
			projectRoot = "";
			targets = (
				9D307FB119D02ACD0013BCAD /* IQHTTPService Demo */,
				9D307FD219D02ACD0013BCAD /* IQHTTPService DemoTests */,
			);
		};
/* End PBXProject section */

/* Begin PBXResourcesBuildPhase section */
		9D307FB019D02ACD0013BCAD /* Resources */ = {
			isa = PBXResourcesBuildPhase;
			buildActionMask = 2147483647;
			files = (
				9D307FCE19D02ACD0013BCAD /* Images.xcassets in Resources */,
				C0DD7F691A72C4A200F3E46C /* test2.png in Resources */,
				C0DD7F5A1A72B3D000F3E46C /* test1.jpeg in Resources */,
				9D307FC019D02ACD0013BCAD /* InfoPlist.strings in Resources */,
				9D307FC919D02ACD0013BCAD /* Main.storyboard in Resources */,
			);
			runOnlyForDeploymentPostprocessing = 0;
		};
		9D307FD119D02ACD0013BCAD /* Resources */ = {
			isa = PBXResourcesBuildPhase;
			buildActionMask = 2147483647;
			files = (
				9D307FDF19D02ACD0013BCAD /* InfoPlist.strings in Resources */,
			);
			runOnlyForDeploymentPostprocessing = 0;
		};
/* End PBXResourcesBuildPhase section */

/* Begin PBXSourcesBuildPhase section */
		9D307FAE19D02ACD0013BCAD /* Sources */ = {
			isa = PBXSourcesBuildPhase;
			buildActionMask = 2147483647;
			files = (
				C0DD7F611A72B8CA00F3E46C /* FileUploadViewController.m in Sources */,
				C0DD7F671A72BAC000F3E46C /* PostJSONViewController.m in Sources */,
				4CBEC56E1BAE8DBF00117F83 /* NSError+HumanFriendly.m in Sources */,
				9D30800419D030280013BCAD /* IQMultipartFormData.m in Sources */,
				C0DD7F641A72BAA000F3E46C /* HelloWorldViewController.m in Sources */,
				9D307FCC19D02ACD0013BCAD /* TableViewController.m in Sources */,
				9D30800319D030280013BCAD /* IQHTTPService.m in Sources */,
				9D307FC619D02ACD0013BCAD /* AppDelegate.m in Sources */,
				9D307FC219D02ACD0013BCAD /* main.m in Sources */,
				C0DD7F5E1A72B5C600F3E46C /* TestHTTPService.m in Sources */,
				9D30800519D030280013BCAD /* IQURLConnection.m in Sources */,
				9D30800219D030280013BCAD /* IQHTTPConstants.m in Sources */,
			);
			runOnlyForDeploymentPostprocessing = 0;
		};
		9D307FCF19D02ACD0013BCAD /* Sources */ = {
			isa = PBXSourcesBuildPhase;
			buildActionMask = 2147483647;
			files = (
				9D307FE119D02ACD0013BCAD /* IQHTTPService_DemoTests.m in Sources */,
			);
			runOnlyForDeploymentPostprocessing = 0;
		};
/* End PBXSourcesBuildPhase section */

/* Begin PBXTargetDependency section */
		9D307FD919D02ACD0013BCAD /* PBXTargetDependency */ = {
			isa = PBXTargetDependency;
			target = 9D307FB119D02ACD0013BCAD /* IQHTTPService Demo */;
			targetProxy = 9D307FD819D02ACD0013BCAD /* PBXContainerItemProxy */;
		};
/* End PBXTargetDependency section */

/* Begin PBXVariantGroup section */
		9D307FBE19D02ACD0013BCAD /* InfoPlist.strings */ = {
			isa = PBXVariantGroup;
			children = (
				9D307FBF19D02ACD0013BCAD /* en */,
			);
			name = InfoPlist.strings;
			sourceTree = "<group>";
		};
		9D307FC719D02ACD0013BCAD /* Main.storyboard */ = {
			isa = PBXVariantGroup;
			children = (
				9D307FC819D02ACD0013BCAD /* Base */,
			);
			name = Main.storyboard;
			sourceTree = "<group>";
		};
		9D307FDD19D02ACD0013BCAD /* InfoPlist.strings */ = {
			isa = PBXVariantGroup;
			children = (
				9D307FDE19D02ACD0013BCAD /* en */,
			);
			name = InfoPlist.strings;
			sourceTree = "<group>";
		};
/* End PBXVariantGroup section */

/* Begin XCBuildConfiguration section */
		9D307FE219D02ACD0013BCAD /* Debug */ = {
			isa = XCBuildConfiguration;
			buildSettings = {
				ALWAYS_SEARCH_USER_PATHS = NO;
				CLANG_CXX_LANGUAGE_STANDARD = "gnu++0x";
				CLANG_CXX_LIBRARY = "libc++";
				CLANG_ENABLE_MODULES = YES;
				CLANG_ENABLE_OBJC_ARC = YES;
				CLANG_WARN_BOOL_CONVERSION = YES;
				CLANG_WARN_CONSTANT_CONVERSION = YES;
				CLANG_WARN_DIRECT_OBJC_ISA_USAGE = YES_ERROR;
				CLANG_WARN_EMPTY_BODY = YES;
				CLANG_WARN_ENUM_CONVERSION = YES;
				CLANG_WARN_INT_CONVERSION = YES;
				CLANG_WARN_OBJC_ROOT_CLASS = YES_ERROR;
				CLANG_WARN__DUPLICATE_METHOD_MATCH = YES;
				"CODE_SIGN_IDENTITY[sdk=iphoneos*]" = "iPhone Developer";
				COPY_PHASE_STRIP = NO;
				ENABLE_TESTABILITY = YES;
				GCC_C_LANGUAGE_STANDARD = gnu99;
				GCC_DYNAMIC_NO_PIC = NO;
				GCC_OPTIMIZATION_LEVEL = 0;
				GCC_PREPROCESSOR_DEFINITIONS = (
					"DEBUG=1",
					"$(inherited)",
				);
				GCC_SYMBOLS_PRIVATE_EXTERN = NO;
				GCC_WARN_64_TO_32_BIT_CONVERSION = YES;
				GCC_WARN_ABOUT_RETURN_TYPE = YES_ERROR;
				GCC_WARN_UNDECLARED_SELECTOR = YES;
				GCC_WARN_UNINITIALIZED_AUTOS = YES_AGGRESSIVE;
				GCC_WARN_UNUSED_FUNCTION = YES;
				GCC_WARN_UNUSED_VARIABLE = YES;
				IPHONEOS_DEPLOYMENT_TARGET = 7.1;
				ONLY_ACTIVE_ARCH = YES;
				SDKROOT = iphoneos;
			};
			name = Debug;
		};
		9D307FE319D02ACD0013BCAD /* Release */ = {
			isa = XCBuildConfiguration;
			buildSettings = {
				ALWAYS_SEARCH_USER_PATHS = NO;
				CLANG_CXX_LANGUAGE_STANDARD = "gnu++0x";
				CLANG_CXX_LIBRARY = "libc++";
				CLANG_ENABLE_MODULES = YES;
				CLANG_ENABLE_OBJC_ARC = YES;
				CLANG_WARN_BOOL_CONVERSION = YES;
				CLANG_WARN_CONSTANT_CONVERSION = YES;
				CLANG_WARN_DIRECT_OBJC_ISA_USAGE = YES_ERROR;
				CLANG_WARN_EMPTY_BODY = YES;
				CLANG_WARN_ENUM_CONVERSION = YES;
				CLANG_WARN_INT_CONVERSION = YES;
				CLANG_WARN_OBJC_ROOT_CLASS = YES_ERROR;
				CLANG_WARN__DUPLICATE_METHOD_MATCH = YES;
				"CODE_SIGN_IDENTITY[sdk=iphoneos*]" = "iPhone Developer";
				COPY_PHASE_STRIP = YES;
				ENABLE_NS_ASSERTIONS = NO;
				GCC_C_LANGUAGE_STANDARD = gnu99;
				GCC_WARN_64_TO_32_BIT_CONVERSION = YES;
				GCC_WARN_ABOUT_RETURN_TYPE = YES_ERROR;
				GCC_WARN_UNDECLARED_SELECTOR = YES;
				GCC_WARN_UNINITIALIZED_AUTOS = YES_AGGRESSIVE;
				GCC_WARN_UNUSED_FUNCTION = YES;
				GCC_WARN_UNUSED_VARIABLE = YES;
				IPHONEOS_DEPLOYMENT_TARGET = 7.1;
				SDKROOT = iphoneos;
				VALIDATE_PRODUCT = YES;
			};
			name = Release;
		};
		9D307FE519D02ACD0013BCAD /* Debug */ = {
			isa = XCBuildConfiguration;
			buildSettings = {
				ASSETCATALOG_COMPILER_APPICON_NAME = AppIcon;
				ASSETCATALOG_COMPILER_LAUNCHIMAGE_NAME = LaunchImage;
				GCC_PRECOMPILE_PREFIX_HEADER = YES;
				GCC_PREFIX_HEADER = "IQHTTPService Demo/IQHTTPService Demo-Prefix.pch";
				INFOPLIST_FILE = "IQHTTPService Demo/IQHTTPService Demo-Info.plist";
				PRODUCT_NAME = "$(TARGET_NAME)";
				WRAPPER_EXTENSION = app;
			};
			name = Debug;
		};
		9D307FE619D02ACD0013BCAD /* Release */ = {
			isa = XCBuildConfiguration;
			buildSettings = {
				ASSETCATALOG_COMPILER_APPICON_NAME = AppIcon;
				ASSETCATALOG_COMPILER_LAUNCHIMAGE_NAME = LaunchImage;
				GCC_PRECOMPILE_PREFIX_HEADER = YES;
				GCC_PREFIX_HEADER = "IQHTTPService Demo/IQHTTPService Demo-Prefix.pch";
				INFOPLIST_FILE = "IQHTTPService Demo/IQHTTPService Demo-Info.plist";
				PRODUCT_NAME = "$(TARGET_NAME)";
				WRAPPER_EXTENSION = app;
			};
			name = Release;
		};
		9D307FE819D02ACD0013BCAD /* Debug */ = {
			isa = XCBuildConfiguration;
			buildSettings = {
				BUNDLE_LOADER = "$(BUILT_PRODUCTS_DIR)/IQHTTPService Demo.app/IQHTTPService Demo";
				FRAMEWORK_SEARCH_PATHS = (
					"$(SDKROOT)/Developer/Library/Frameworks",
					"$(inherited)",
					"$(DEVELOPER_FRAMEWORKS_DIR)",
				);
				GCC_PRECOMPILE_PREFIX_HEADER = YES;
				GCC_PREFIX_HEADER = "IQHTTPService Demo/IQHTTPService Demo-Prefix.pch";
				GCC_PREPROCESSOR_DEFINITIONS = (
					"DEBUG=1",
					"$(inherited)",
				);
				INFOPLIST_FILE = "IQHTTPService DemoTests/IQHTTPService DemoTests-Info.plist";
				PRODUCT_NAME = "$(TARGET_NAME)";
				TEST_HOST = "$(BUNDLE_LOADER)";
				WRAPPER_EXTENSION = xctest;
			};
			name = Debug;
		};
		9D307FE919D02ACD0013BCAD /* Release */ = {
			isa = XCBuildConfiguration;
			buildSettings = {
				BUNDLE_LOADER = "$(BUILT_PRODUCTS_DIR)/IQHTTPService Demo.app/IQHTTPService Demo";
				FRAMEWORK_SEARCH_PATHS = (
					"$(SDKROOT)/Developer/Library/Frameworks",
					"$(inherited)",
					"$(DEVELOPER_FRAMEWORKS_DIR)",
				);
				GCC_PRECOMPILE_PREFIX_HEADER = YES;
				GCC_PREFIX_HEADER = "IQHTTPService Demo/IQHTTPService Demo-Prefix.pch";
				INFOPLIST_FILE = "IQHTTPService DemoTests/IQHTTPService DemoTests-Info.plist";
				PRODUCT_NAME = "$(TARGET_NAME)";
				TEST_HOST = "$(BUNDLE_LOADER)";
				WRAPPER_EXTENSION = xctest;
			};
			name = Release;
		};
/* End XCBuildConfiguration section */

/* Begin XCConfigurationList section */
		9D307FAD19D02ACD0013BCAD /* Build configuration list for PBXProject "IQHTTPService Demo" */ = {
			isa = XCConfigurationList;
			buildConfigurations = (
				9D307FE219D02ACD0013BCAD /* Debug */,
				9D307FE319D02ACD0013BCAD /* Release */,
			);
			defaultConfigurationIsVisible = 0;
			defaultConfigurationName = Release;
		};
		9D307FE419D02ACD0013BCAD /* Build configuration list for PBXNativeTarget "IQHTTPService Demo" */ = {
			isa = XCConfigurationList;
			buildConfigurations = (
				9D307FE519D02ACD0013BCAD /* Debug */,
				9D307FE619D02ACD0013BCAD /* Release */,
			);
			defaultConfigurationIsVisible = 0;
			defaultConfigurationName = Release;
		};
		9D307FE719D02ACD0013BCAD /* Build configuration list for PBXNativeTarget "IQHTTPService DemoTests" */ = {
			isa = XCConfigurationList;
			buildConfigurations = (
				9D307FE819D02ACD0013BCAD /* Debug */,
				9D307FE919D02ACD0013BCAD /* Release */,
			);
			defaultConfigurationIsVisible = 0;
			defaultConfigurationName = Release;
		};
/* End XCConfigurationList section */
	};
	rootObject = 9D307FAA19D02ACD0013BCAD /* Project object */;
}
